// !$*UTF8*$!
{
	archiveVersion = 1;
	classes = {
	};
	objectVersion = 56;
	objects = {

/* Begin PBXBuildFile section */
		EC6E5F3F2B2B9D7A0024ABD6 /* AppDelegate.swift in Sources */ = {isa = PBXBuildFile; fileRef = EC6E5F3E2B2B9D7A0024ABD6 /* AppDelegate.swift */; };
		EC6E5F412B2B9D7A0024ABD6 /* SceneDelegate.swift in Sources */ = {isa = PBXBuildFile; fileRef = EC6E5F402B2B9D7A0024ABD6 /* SceneDelegate.swift */; };
		EC6E5F432B2B9D7A0024ABD6 /* ViewController.swift in Sources */ = {isa = PBXBuildFile; fileRef = EC6E5F422B2B9D7A0024ABD6 /* ViewController.swift */; };
		EC6E5F462B2B9D7A0024ABD6 /* Main.storyboard in Resources */ = {isa = PBXBuildFile; fileRef = EC6E5F442B2B9D7A0024ABD6 /* Main.storyboard */; };
		EC6E5F482B2B9D7C0024ABD6 /* Assets.xcassets in Resources */ = {isa = PBXBuildFile; fileRef = EC6E5F472B2B9D7C0024ABD6 /* Assets.xcassets */; };
		EC6E5F4B2B2B9D7C0024ABD6 /* LaunchScreen.storyboard in Resources */ = {isa = PBXBuildFile; fileRef = EC6E5F492B2B9D7C0024ABD6 /* LaunchScreen.storyboard */; };
		EC6E5F552B2B9FC80024ABD6 /* a1.json in Resources */ = {isa = PBXBuildFile; fileRef = EC6E5F532B2B9FC80024ABD6 /* a1.json */; };
		EC6E5F562B2B9FC80024ABD6 /* a2.json in Resources */ = {isa = PBXBuildFile; fileRef = EC6E5F542B2B9FC80024ABD6 /* a2.json */; };
		EC6E5F5A2B2BA0B00024ABD6 /* Constants.swift in Sources */ = {isa = PBXBuildFile; fileRef = EC6E5F592B2BA0B00024ABD6 /* Constants.swift */; };
		EC6E5F612B2BAB3E0024ABD6 /* FontSize.swift in Sources */ = {isa = PBXBuildFile; fileRef = EC6E5F602B2BAB3E0024ABD6 /* FontSize.swift */; };
		EC6E5F632B2BABA10024ABD6 /* OnboardingModel.swift in Sources */ = {isa = PBXBuildFile; fileRef = EC6E5F622B2BABA10024ABD6 /* OnboardingModel.swift */; };
		EC6E5F652B2BABCB0024ABD6 /* OnboardingViewModel.swift in Sources */ = {isa = PBXBuildFile; fileRef = EC6E5F642B2BABCB0024ABD6 /* OnboardingViewModel.swift */; };
		EC6E5F682B2BAC110024ABD6 /* MovieColor.swift in Sources */ = {isa = PBXBuildFile; fileRef = EC6E5F672B2BAC110024ABD6 /* MovieColor.swift */; };
		EC6E5F6A2B2BB2980024ABD6 /* MovieError.swift in Sources */ = {isa = PBXBuildFile; fileRef = EC6E5F692B2BB2980024ABD6 /* MovieError.swift */; };
		EC6E5F6C2B2BB2B20024ABD6 /* String+Ext.swift in Sources */ = {isa = PBXBuildFile; fileRef = EC6E5F6B2B2BB2B20024ABD6 /* String+Ext.swift */; };
		EC6E5F6E2B2BB3820024ABD6 /* Date+Ext.swift in Sources */ = {isa = PBXBuildFile; fileRef = EC6E5F6D2B2BB3820024ABD6 /* Date+Ext.swift */; };
		EC6E5F712B2BB3F50024ABD6 /* MainTabBarController.swift in Sources */ = {isa = PBXBuildFile; fileRef = EC6E5F702B2BB3F50024ABD6 /* MainTabBarController.swift */; };
		EC6E5F7C2B2C3B8E0024ABD6 /* HomeVC.swift in Sources */ = {isa = PBXBuildFile; fileRef = EC6E5F7B2B2C3B8E0024ABD6 /* HomeVC.swift */; };
		EC6E5F7E2B2C3BF30024ABD6 /* SearchVC.swift in Sources */ = {isa = PBXBuildFile; fileRef = EC6E5F7D2B2C3BF30024ABD6 /* SearchVC.swift */; };
		EC6E5F802B2C3C4F0024ABD6 /* DownloadsVC.swift in Sources */ = {isa = PBXBuildFile; fileRef = EC6E5F7F2B2C3C4F0024ABD6 /* DownloadsVC.swift */; };
		EC6E5F822B2C3C8F0024ABD6 /* ProfileVC.swift in Sources */ = {isa = PBXBuildFile; fileRef = EC6E5F812B2C3C8F0024ABD6 /* ProfileVC.swift */; };
		EC6E5F842B2C40AD0024ABD6 /* StackView+Ext.swift in Sources */ = {isa = PBXBuildFile; fileRef = EC6E5F832B2C40AD0024ABD6 /* StackView+Ext.swift */; };
		EC6E5F872B2C52680024ABD6 /* SliderCell.swift in Sources */ = {isa = PBXBuildFile; fileRef = EC6E5F862B2C52680024ABD6 /* SliderCell.swift */; };
		EC6E5F8A2B2C527E0024ABD6 /* SnapKit in Frameworks */ = {isa = PBXBuildFile; productRef = EC6E5F892B2C527E0024ABD6 /* SnapKit */; };
		EC6E5F8C2B2C527E0024ABD6 /* SnapKit-Dynamic in Frameworks */ = {isa = PBXBuildFile; productRef = EC6E5F8B2B2C527E0024ABD6 /* SnapKit-Dynamic */; };
		EC6E5F8F2B2C52E20024ABD6 /* Lottie in Frameworks */ = {isa = PBXBuildFile; productRef = EC6E5F8E2B2C52E20024ABD6 /* Lottie */; };
		EC6E5F912B2C71D70024ABD6 /* UIView+Ext.swift in Sources */ = {isa = PBXBuildFile; fileRef = EC6E5F902B2C71D70024ABD6 /* UIView+Ext.swift */; };
		EC6E5F942B2C81610024ABD6 /* HeroHeaderView.swift in Sources */ = {isa = PBXBuildFile; fileRef = EC6E5F932B2C81610024ABD6 /* HeroHeaderView.swift */; };
		EC6E5F992B2C81EB0024ABD6 /* TitleLabel.swift in Sources */ = {isa = PBXBuildFile; fileRef = EC6E5F962B2C81EB0024ABD6 /* TitleLabel.swift */; };
		EC6E5F9A2B2C81EB0024ABD6 /* BodyLabel.swift in Sources */ = {isa = PBXBuildFile; fileRef = EC6E5F972B2C81EB0024ABD6 /* BodyLabel.swift */; };
		EC6E5F9B2B2C81EB0024ABD6 /* SecondaryTitleLabel.swift in Sources */ = {isa = PBXBuildFile; fileRef = EC6E5F982B2C81EB0024ABD6 /* SecondaryTitleLabel.swift */; };
		EC6E5F9E2B2C82F10024ABD6 /* MovieButton.swift in Sources */ = {isa = PBXBuildFile; fileRef = EC6E5F9D2B2C82F10024ABD6 /* MovieButton.swift */; };
		EC6E5FA12B2C83840024ABD6 /* CustomTextField.swift in Sources */ = {isa = PBXBuildFile; fileRef = EC6E5FA02B2C83840024ABD6 /* CustomTextField.swift */; };
		EC6E5FA32B2C9CA60024ABD6 /* Movie.swift in Sources */ = {isa = PBXBuildFile; fileRef = EC6E5FA22B2C9CA60024ABD6 /* Movie.swift */; };
		EC6E5FA52B2C9CF70024ABD6 /* YoutubeSearchResponse.swift in Sources */ = {isa = PBXBuildFile; fileRef = EC6E5FA42B2C9CF70024ABD6 /* YoutubeSearchResponse.swift */; };
		EC6E5FA72B2C9ECC0024ABD6 /* MovieCellModel.swift in Sources */ = {isa = PBXBuildFile; fileRef = EC6E5FA62B2C9ECC0024ABD6 /* MovieCellModel.swift */; };
		EC6E5FA92B2C9EF20024ABD6 /* MoviePreviewModel.swift in Sources */ = {isa = PBXBuildFile; fileRef = EC6E5FA82B2C9EF20024ABD6 /* MoviePreviewModel.swift */; };
		EC6E5FAC2B2CBBE40024ABD6 /* AlertContainerView.swift in Sources */ = {isa = PBXBuildFile; fileRef = EC6E5FAB2B2CBBE40024ABD6 /* AlertContainerView.swift */; };
		EC6E5FAE2B2CE6DC0024ABD6 /* AlertVC.swift in Sources */ = {isa = PBXBuildFile; fileRef = EC6E5FAD2B2CE6DC0024ABD6 /* AlertVC.swift */; };
		EC6E5FB22B2CF26D0024ABD6 /* MovieDataLoadingVC.swift in Sources */ = {isa = PBXBuildFile; fileRef = EC6E5FB12B2CF26D0024ABD6 /* MovieDataLoadingVC.swift */; };
		EC6E5FB42B2CF7180024ABD6 /* UIViewController+Ext.swift in Sources */ = {isa = PBXBuildFile; fileRef = EC6E5FB32B2CF7180024ABD6 /* UIViewController+Ext.swift */; };
		EC6E5FB62B2CFB290024ABD6 /* HelpAndSupportVC.swift in Sources */ = {isa = PBXBuildFile; fileRef = EC6E5FB52B2CFB290024ABD6 /* HelpAndSupportVC.swift */; };
		EC6E5FB92B2DC7F00024ABD6 /* HelpAndSupportView.swift in Sources */ = {isa = PBXBuildFile; fileRef = EC6E5FB82B2DC7F00024ABD6 /* HelpAndSupportView.swift */; };
		EC6E5FBB2B2E092C0024ABD6 /* ProfileUIView.swift in Sources */ = {isa = PBXBuildFile; fileRef = EC6E5FBA2B2E092C0024ABD6 /* ProfileUIView.swift */; };
		EC6E5FBE2B2E428C0024ABD6 /* LoginView.swift in Sources */ = {isa = PBXBuildFile; fileRef = EC6E5FBD2B2E428C0024ABD6 /* LoginView.swift */; };
		EC6E5FC02B2E42910024ABD6 /* LoginVC.swift in Sources */ = {isa = PBXBuildFile; fileRef = EC6E5FBF2B2E42910024ABD6 /* LoginVC.swift */; };
		EC6E5FC32B2EEB4A0024ABD6 /* MovieTableViewCell.swift in Sources */ = {isa = PBXBuildFile; fileRef = EC6E5FC22B2EEB4A0024ABD6 /* MovieTableViewCell.swift */; };
		EC6E5FC62B2F58970024ABD6 /* Kingfisher in Frameworks */ = {isa = PBXBuildFile; productRef = EC6E5FC52B2F58970024ABD6 /* Kingfisher */; };
/* End PBXBuildFile section */

/* Begin PBXFileReference section */
		EC6E5F3B2B2B9D7A0024ABD6 /* Cinemaify.app */ = {isa = PBXFileReference; explicitFileType = wrapper.application; includeInIndex = 0; path = Cinemaify.app; sourceTree = BUILT_PRODUCTS_DIR; };
		EC6E5F3E2B2B9D7A0024ABD6 /* AppDelegate.swift */ = {isa = PBXFileReference; lastKnownFileType = sourcecode.swift; path = AppDelegate.swift; sourceTree = "<group>"; };
		EC6E5F402B2B9D7A0024ABD6 /* SceneDelegate.swift */ = {isa = PBXFileReference; lastKnownFileType = sourcecode.swift; path = SceneDelegate.swift; sourceTree = "<group>"; };
		EC6E5F422B2B9D7A0024ABD6 /* ViewController.swift */ = {isa = PBXFileReference; lastKnownFileType = sourcecode.swift; path = ViewController.swift; sourceTree = "<group>"; };
		EC6E5F452B2B9D7A0024ABD6 /* Base */ = {isa = PBXFileReference; lastKnownFileType = file.storyboard; name = Base; path = Base.lproj/Main.storyboard; sourceTree = "<group>"; };
		EC6E5F472B2B9D7C0024ABD6 /* Assets.xcassets */ = {isa = PBXFileReference; lastKnownFileType = folder.assetcatalog; path = Assets.xcassets; sourceTree = "<group>"; };
		EC6E5F4A2B2B9D7C0024ABD6 /* Base */ = {isa = PBXFileReference; lastKnownFileType = file.storyboard; name = Base; path = Base.lproj/LaunchScreen.storyboard; sourceTree = "<group>"; };
		EC6E5F4C2B2B9D7C0024ABD6 /* Info.plist */ = {isa = PBXFileReference; lastKnownFileType = text.plist.xml; path = Info.plist; sourceTree = "<group>"; };
		EC6E5F532B2B9FC80024ABD6 /* a1.json */ = {isa = PBXFileReference; fileEncoding = 4; lastKnownFileType = text.json; path = a1.json; sourceTree = "<group>"; };
		EC6E5F542B2B9FC80024ABD6 /* a2.json */ = {isa = PBXFileReference; fileEncoding = 4; lastKnownFileType = text.json; path = a2.json; sourceTree = "<group>"; };
		EC6E5F592B2BA0B00024ABD6 /* Constants.swift */ = {isa = PBXFileReference; lastKnownFileType = sourcecode.swift; path = Constants.swift; sourceTree = "<group>"; };
		EC6E5F602B2BAB3E0024ABD6 /* FontSize.swift */ = {isa = PBXFileReference; lastKnownFileType = sourcecode.swift; path = FontSize.swift; sourceTree = "<group>"; };
		EC6E5F622B2BABA10024ABD6 /* OnboardingModel.swift */ = {isa = PBXFileReference; lastKnownFileType = sourcecode.swift; path = OnboardingModel.swift; sourceTree = "<group>"; };
		EC6E5F642B2BABCB0024ABD6 /* OnboardingViewModel.swift */ = {isa = PBXFileReference; lastKnownFileType = sourcecode.swift; path = OnboardingViewModel.swift; sourceTree = "<group>"; };
		EC6E5F672B2BAC110024ABD6 /* MovieColor.swift */ = {isa = PBXFileReference; lastKnownFileType = sourcecode.swift; path = MovieColor.swift; sourceTree = "<group>"; };
		EC6E5F692B2BB2980024ABD6 /* MovieError.swift */ = {isa = PBXFileReference; lastKnownFileType = sourcecode.swift; path = MovieError.swift; sourceTree = "<group>"; };
		EC6E5F6B2B2BB2B20024ABD6 /* String+Ext.swift */ = {isa = PBXFileReference; lastKnownFileType = sourcecode.swift; path = "String+Ext.swift"; sourceTree = "<group>"; };
		EC6E5F6D2B2BB3820024ABD6 /* Date+Ext.swift */ = {isa = PBXFileReference; lastKnownFileType = sourcecode.swift; path = "Date+Ext.swift"; sourceTree = "<group>"; };
		EC6E5F702B2BB3F50024ABD6 /* MainTabBarController.swift */ = {isa = PBXFileReference; lastKnownFileType = sourcecode.swift; path = MainTabBarController.swift; sourceTree = "<group>"; };
		EC6E5F7B2B2C3B8E0024ABD6 /* HomeVC.swift */ = {isa = PBXFileReference; lastKnownFileType = sourcecode.swift; path = HomeVC.swift; sourceTree = "<group>"; };
		EC6E5F7D2B2C3BF30024ABD6 /* SearchVC.swift */ = {isa = PBXFileReference; lastKnownFileType = sourcecode.swift; path = SearchVC.swift; sourceTree = "<group>"; };
		EC6E5F7F2B2C3C4F0024ABD6 /* DownloadsVC.swift */ = {isa = PBXFileReference; lastKnownFileType = sourcecode.swift; path = DownloadsVC.swift; sourceTree = "<group>"; };
		EC6E5F812B2C3C8F0024ABD6 /* ProfileVC.swift */ = {isa = PBXFileReference; lastKnownFileType = sourcecode.swift; path = ProfileVC.swift; sourceTree = "<group>"; };
		EC6E5F832B2C40AD0024ABD6 /* StackView+Ext.swift */ = {isa = PBXFileReference; lastKnownFileType = sourcecode.swift; path = "StackView+Ext.swift"; sourceTree = "<group>"; };
		EC6E5F862B2C52680024ABD6 /* SliderCell.swift */ = {isa = PBXFileReference; lastKnownFileType = sourcecode.swift; path = SliderCell.swift; sourceTree = "<group>"; };
		EC6E5F902B2C71D70024ABD6 /* UIView+Ext.swift */ = {isa = PBXFileReference; lastKnownFileType = sourcecode.swift; path = "UIView+Ext.swift"; sourceTree = "<group>"; };
		EC6E5F932B2C81610024ABD6 /* HeroHeaderView.swift */ = {isa = PBXFileReference; lastKnownFileType = sourcecode.swift; path = HeroHeaderView.swift; sourceTree = "<group>"; };
		EC6E5F962B2C81EB0024ABD6 /* TitleLabel.swift */ = {isa = PBXFileReference; fileEncoding = 4; lastKnownFileType = sourcecode.swift; path = TitleLabel.swift; sourceTree = "<group>"; };
		EC6E5F972B2C81EB0024ABD6 /* BodyLabel.swift */ = {isa = PBXFileReference; fileEncoding = 4; lastKnownFileType = sourcecode.swift; path = BodyLabel.swift; sourceTree = "<group>"; };
		EC6E5F982B2C81EB0024ABD6 /* SecondaryTitleLabel.swift */ = {isa = PBXFileReference; fileEncoding = 4; lastKnownFileType = sourcecode.swift; path = SecondaryTitleLabel.swift; sourceTree = "<group>"; };
		EC6E5F9D2B2C82F10024ABD6 /* MovieButton.swift */ = {isa = PBXFileReference; fileEncoding = 4; lastKnownFileType = sourcecode.swift; path = MovieButton.swift; sourceTree = "<group>"; };
		EC6E5FA02B2C83840024ABD6 /* CustomTextField.swift */ = {isa = PBXFileReference; fileEncoding = 4; lastKnownFileType = sourcecode.swift; path = CustomTextField.swift; sourceTree = "<group>"; };
		EC6E5FA22B2C9CA60024ABD6 /* Movie.swift */ = {isa = PBXFileReference; lastKnownFileType = sourcecode.swift; path = Movie.swift; sourceTree = "<group>"; };
		EC6E5FA42B2C9CF70024ABD6 /* YoutubeSearchResponse.swift */ = {isa = PBXFileReference; lastKnownFileType = sourcecode.swift; path = YoutubeSearchResponse.swift; sourceTree = "<group>"; };
		EC6E5FA62B2C9ECC0024ABD6 /* MovieCellModel.swift */ = {isa = PBXFileReference; lastKnownFileType = sourcecode.swift; path = MovieCellModel.swift; sourceTree = "<group>"; };
		EC6E5FA82B2C9EF20024ABD6 /* MoviePreviewModel.swift */ = {isa = PBXFileReference; lastKnownFileType = sourcecode.swift; path = MoviePreviewModel.swift; sourceTree = "<group>"; };
		EC6E5FAB2B2CBBE40024ABD6 /* AlertContainerView.swift */ = {isa = PBXFileReference; lastKnownFileType = sourcecode.swift; path = AlertContainerView.swift; sourceTree = "<group>"; };
		EC6E5FAD2B2CE6DC0024ABD6 /* AlertVC.swift */ = {isa = PBXFileReference; lastKnownFileType = sourcecode.swift; path = AlertVC.swift; sourceTree = "<group>"; };
		EC6E5FB12B2CF26D0024ABD6 /* MovieDataLoadingVC.swift */ = {isa = PBXFileReference; lastKnownFileType = sourcecode.swift; path = MovieDataLoadingVC.swift; sourceTree = "<group>"; };
		EC6E5FB32B2CF7180024ABD6 /* UIViewController+Ext.swift */ = {isa = PBXFileReference; lastKnownFileType = sourcecode.swift; path = "UIViewController+Ext.swift"; sourceTree = "<group>"; };
		EC6E5FB52B2CFB290024ABD6 /* HelpAndSupportVC.swift */ = {isa = PBXFileReference; lastKnownFileType = sourcecode.swift; path = HelpAndSupportVC.swift; sourceTree = "<group>"; };
		EC6E5FB82B2DC7F00024ABD6 /* HelpAndSupportView.swift */ = {isa = PBXFileReference; lastKnownFileType = sourcecode.swift; path = HelpAndSupportView.swift; sourceTree = "<group>"; };
		EC6E5FBA2B2E092C0024ABD6 /* ProfileUIView.swift */ = {isa = PBXFileReference; lastKnownFileType = sourcecode.swift; path = ProfileUIView.swift; sourceTree = "<group>"; };
		EC6E5FBD2B2E428C0024ABD6 /* LoginView.swift */ = {isa = PBXFileReference; lastKnownFileType = sourcecode.swift; path = LoginView.swift; sourceTree = "<group>"; };
		EC6E5FBF2B2E42910024ABD6 /* LoginVC.swift */ = {isa = PBXFileReference; lastKnownFileType = sourcecode.swift; path = LoginVC.swift; sourceTree = "<group>"; };
		EC6E5FC22B2EEB4A0024ABD6 /* MovieTableViewCell.swift */ = {isa = PBXFileReference; lastKnownFileType = sourcecode.swift; path = MovieTableViewCell.swift; sourceTree = "<group>"; };
/* End PBXFileReference section */

/* Begin PBXFrameworksBuildPhase section */
		EC6E5F382B2B9D7A0024ABD6 /* Frameworks */ = {
			isa = PBXFrameworksBuildPhase;
			buildActionMask = 2147483647;
			files = (
				EC6E5FC62B2F58970024ABD6 /* Kingfisher in Frameworks */,
				EC6E5F8A2B2C527E0024ABD6 /* SnapKit in Frameworks */,
				EC6E5F8C2B2C527E0024ABD6 /* SnapKit-Dynamic in Frameworks */,
				EC6E5F8F2B2C52E20024ABD6 /* Lottie in Frameworks */,
			);
			runOnlyForDeploymentPostprocessing = 0;
		};
/* End PBXFrameworksBuildPhase section */

/* Begin PBXGroup section */
		EC6E5F322B2B9D7A0024ABD6 = {
			isa = PBXGroup;
			children = (
				EC6E5F3D2B2B9D7A0024ABD6 /* Cinemaify */,
				EC6E5F3C2B2B9D7A0024ABD6 /* Products */,
			);
			sourceTree = "<group>";
		};
		EC6E5F3C2B2B9D7A0024ABD6 /* Products */ = {
			isa = PBXGroup;
			children = (
				EC6E5F3B2B2B9D7A0024ABD6 /* Cinemaify.app */,
			);
			name = Products;
			sourceTree = "<group>";
		};
		EC6E5F3D2B2B9D7A0024ABD6 /* Cinemaify */ = {
			isa = PBXGroup;
			children = (
				EC6E5F662B2BAC060024ABD6 /* Extensions */,
				EC6E5F5C2B2BAA370024ABD6 /* Model */,
				EC6E5F5D2B2BAA3B0024ABD6 /* Views */,
				EC6E5F5E2B2BAA450024ABD6 /* ViewModels */,
				EC6E5F5F2B2BAA4D0024ABD6 /* Controllers */,
				EC6E5F572B2BA01D0024ABD6 /* Utils */,
				EC6E5F3E2B2B9D7A0024ABD6 /* AppDelegate.swift */,
				EC6E5F402B2B9D7A0024ABD6 /* SceneDelegate.swift */,
				EC6E5F422B2B9D7A0024ABD6 /* ViewController.swift */,
				EC6E5F442B2B9D7A0024ABD6 /* Main.storyboard */,
				EC6E5F472B2B9D7C0024ABD6 /* Assets.xcassets */,
				EC6E5F492B2B9D7C0024ABD6 /* LaunchScreen.storyboard */,
				EC6E5F4C2B2B9D7C0024ABD6 /* Info.plist */,
			);
			path = Cinemaify;
			sourceTree = "<group>";
		};
		EC6E5F522B2B9FAF0024ABD6 /* LottieData */ = {
			isa = PBXGroup;
			children = (
				EC6E5F532B2B9FC80024ABD6 /* a1.json */,
				EC6E5F542B2B9FC80024ABD6 /* a2.json */,
			);
			path = LottieData;
			sourceTree = "<group>";
		};
		EC6E5F572B2BA01D0024ABD6 /* Utils */ = {
			isa = PBXGroup;
			children = (
				EC6E5F582B2BA0260024ABD6 /* Constants */,
				EC6E5F522B2B9FAF0024ABD6 /* LottieData */,
			);
			path = Utils;
			sourceTree = "<group>";
		};
		EC6E5F582B2BA0260024ABD6 /* Constants */ = {
			isa = PBXGroup;
			children = (
				EC6E5F592B2BA0B00024ABD6 /* Constants.swift */,
				EC6E5F602B2BAB3E0024ABD6 /* FontSize.swift */,
			);
			path = Constants;
			sourceTree = "<group>";
		};
		EC6E5F5C2B2BAA370024ABD6 /* Model */ = {
			isa = PBXGroup;
			children = (
				EC6E5F622B2BABA10024ABD6 /* OnboardingModel.swift */,
				EC6E5FA22B2C9CA60024ABD6 /* Movie.swift */,
				EC6E5FA42B2C9CF70024ABD6 /* YoutubeSearchResponse.swift */,
				EC6E5FA62B2C9ECC0024ABD6 /* MovieCellModel.swift */,
				EC6E5FA82B2C9EF20024ABD6 /* MoviePreviewModel.swift */,
			);
			path = Model;
			sourceTree = "<group>";
		};
		EC6E5F5D2B2BAA3B0024ABD6 /* Views */ = {
			isa = PBXGroup;
			children = (
				EC6E5FC12B2EEB3D0024ABD6 /* Search */,
				EC6E5FB72B2DC7DA0024ABD6 /* Profile */,
				EC6E5FAA2B2CBBD30024ABD6 /* Alert */,
				EC6E5F9F2B2C83780024ABD6 /* TextField */,
				EC6E5F9C2B2C82E80024ABD6 /* Button */,
				EC6E5F952B2C81E20024ABD6 /* Label */,
				EC6E5F922B2C81100024ABD6 /* Home */,
				EC6E5F852B2C525B0024ABD6 /* Onboarding */,
			);
			path = Views;
			sourceTree = "<group>";
		};
		EC6E5F5E2B2BAA450024ABD6 /* ViewModels */ = {
			isa = PBXGroup;
			children = (
				EC6E5F642B2BABCB0024ABD6 /* OnboardingViewModel.swift */,
			);
			path = ViewModels;
			sourceTree = "<group>";
		};
		EC6E5F5F2B2BAA4D0024ABD6 /* Controllers */ = {
			isa = PBXGroup;
			children = (
				EC6E5F6F2B2BB3E50024ABD6 /* TabBar */,
				EC6E5F722B2C3AFB0024ABD6 /* Onboarding */,
				EC6E5F732B2C3B020024ABD6 /* Auth */,
				EC6E5F7A2B2C3B5C0024ABD6 /* Home */,
				EC6E5F792B2C3B490024ABD6 /* Downloads */,
				EC6E5F772B2C3B1E0024ABD6 /* Search */,
				EC6E5F782B2C3B250024ABD6 /* Profile */,
				EC6E5F762B2C3B1A0024ABD6 /* Detail */,
				EC6E5F752B2C3B0F0024ABD6 /* DataLoading */,
				EC6E5F742B2C3B090024ABD6 /* Alert */,
			);
			path = Controllers;
			sourceTree = "<group>";
		};
		EC6E5F662B2BAC060024ABD6 /* Extensions */ = {
			isa = PBXGroup;
			children = (
				EC6E5F672B2BAC110024ABD6 /* MovieColor.swift */,
				EC6E5F692B2BB2980024ABD6 /* MovieError.swift */,
				EC6E5F6B2B2BB2B20024ABD6 /* String+Ext.swift */,
				EC6E5F6D2B2BB3820024ABD6 /* Date+Ext.swift */,
				EC6E5F832B2C40AD0024ABD6 /* StackView+Ext.swift */,
				EC6E5F902B2C71D70024ABD6 /* UIView+Ext.swift */,
				EC6E5FB32B2CF7180024ABD6 /* UIViewController+Ext.swift */,
			);
			path = Extensions;
			sourceTree = "<group>";
		};
		EC6E5F6F2B2BB3E50024ABD6 /* TabBar */ = {
			isa = PBXGroup;
			children = (
				EC6E5F702B2BB3F50024ABD6 /* MainTabBarController.swift */,
			);
			path = TabBar;
			sourceTree = "<group>";
		};
		EC6E5F722B2C3AFB0024ABD6 /* Onboarding */ = {
			isa = PBXGroup;
			children = (
			);
			path = Onboarding;
			sourceTree = "<group>";
		};
		EC6E5F732B2C3B020024ABD6 /* Auth */ = {
			isa = PBXGroup;
			children = (
				EC6E5FBC2B2E42810024ABD6 /* Login */,
			);
			path = Auth;
			sourceTree = "<group>";
		};
		EC6E5F742B2C3B090024ABD6 /* Alert */ = {
			isa = PBXGroup;
			children = (
				EC6E5FAD2B2CE6DC0024ABD6 /* AlertVC.swift */,
			);
			path = Alert;
			sourceTree = "<group>";
		};
		EC6E5F752B2C3B0F0024ABD6 /* DataLoading */ = {
			isa = PBXGroup;
			children = (
				EC6E5FB12B2CF26D0024ABD6 /* MovieDataLoadingVC.swift */,
			);
			path = DataLoading;
			sourceTree = "<group>";
		};
		EC6E5F762B2C3B1A0024ABD6 /* Detail */ = {
			isa = PBXGroup;
			children = (
			);
			path = Detail;
			sourceTree = "<group>";
		};
		EC6E5F772B2C3B1E0024ABD6 /* Search */ = {
			isa = PBXGroup;
			children = (
				EC6E5F7D2B2C3BF30024ABD6 /* SearchVC.swift */,
			);
			path = Search;
			sourceTree = "<group>";
		};
		EC6E5F782B2C3B250024ABD6 /* Profile */ = {
			isa = PBXGroup;
			children = (
				EC6E5F812B2C3C8F0024ABD6 /* ProfileVC.swift */,
				EC6E5FB52B2CFB290024ABD6 /* HelpAndSupportVC.swift */,
			);
			path = Profile;
			sourceTree = "<group>";
		};
		EC6E5F792B2C3B490024ABD6 /* Downloads */ = {
			isa = PBXGroup;
			children = (
				EC6E5F7F2B2C3C4F0024ABD6 /* DownloadsVC.swift */,
			);
			path = Downloads;
			sourceTree = "<group>";
		};
		EC6E5F7A2B2C3B5C0024ABD6 /* Home */ = {
			isa = PBXGroup;
			children = (
				EC6E5F7B2B2C3B8E0024ABD6 /* HomeVC.swift */,
			);
			path = Home;
			sourceTree = "<group>";
		};
		EC6E5F852B2C525B0024ABD6 /* Onboarding */ = {
			isa = PBXGroup;
			children = (
				EC6E5F862B2C52680024ABD6 /* SliderCell.swift */,
			);
			path = Onboarding;
			sourceTree = "<group>";
		};
		EC6E5F922B2C81100024ABD6 /* Home */ = {
			isa = PBXGroup;
			children = (
				EC6E5F932B2C81610024ABD6 /* HeroHeaderView.swift */,
			);
			path = Home;
			sourceTree = "<group>";
		};
		EC6E5F952B2C81E20024ABD6 /* Label */ = {
			isa = PBXGroup;
			children = (
				EC6E5F972B2C81EB0024ABD6 /* BodyLabel.swift */,
				EC6E5F982B2C81EB0024ABD6 /* SecondaryTitleLabel.swift */,
				EC6E5F962B2C81EB0024ABD6 /* TitleLabel.swift */,
			);
			path = Label;
			sourceTree = "<group>";
		};
		EC6E5F9C2B2C82E80024ABD6 /* Button */ = {
			isa = PBXGroup;
			children = (
				EC6E5F9D2B2C82F10024ABD6 /* MovieButton.swift */,
			);
			path = Button;
			sourceTree = "<group>";
		};
		EC6E5F9F2B2C83780024ABD6 /* TextField */ = {
			isa = PBXGroup;
			children = (
				EC6E5FA02B2C83840024ABD6 /* CustomTextField.swift */,
			);
			path = TextField;
			sourceTree = "<group>";
		};
		EC6E5FAA2B2CBBD30024ABD6 /* Alert */ = {
			isa = PBXGroup;
			children = (
				EC6E5FAB2B2CBBE40024ABD6 /* AlertContainerView.swift */,
			);
			path = Alert;
			sourceTree = "<group>";
		};
		EC6E5FB72B2DC7DA0024ABD6 /* Profile */ = {
			isa = PBXGroup;
			children = (
				EC6E5FB82B2DC7F00024ABD6 /* HelpAndSupportView.swift */,
				EC6E5FBA2B2E092C0024ABD6 /* ProfileUIView.swift */,
			);
			path = Profile;
			sourceTree = "<group>";
		};
		EC6E5FBC2B2E42810024ABD6 /* Login */ = {
			isa = PBXGroup;
			children = (
				EC6E5FBD2B2E428C0024ABD6 /* LoginView.swift */,
				EC6E5FBF2B2E42910024ABD6 /* LoginVC.swift */,
			);
			path = Login;
			sourceTree = "<group>";
		};
		EC6E5FC12B2EEB3D0024ABD6 /* Search */ = {
			isa = PBXGroup;
			children = (
				EC6E5FC22B2EEB4A0024ABD6 /* MovieTableViewCell.swift */,
			);
			path = Search;
			sourceTree = "<group>";
		};
/* End PBXGroup section */

/* Begin PBXNativeTarget section */
		EC6E5F3A2B2B9D7A0024ABD6 /* Cinemaify */ = {
			isa = PBXNativeTarget;
			buildConfigurationList = EC6E5F4F2B2B9D7C0024ABD6 /* Build configuration list for PBXNativeTarget "Cinemaify" */;
			buildPhases = (
				EC6E5F372B2B9D7A0024ABD6 /* Sources */,
				EC6E5F382B2B9D7A0024ABD6 /* Frameworks */,
				EC6E5F392B2B9D7A0024ABD6 /* Resources */,
			);
			buildRules = (
			);
			dependencies = (
			);
			name = Cinemaify;
			packageProductDependencies = (
				EC6E5F892B2C527E0024ABD6 /* SnapKit */,
				EC6E5F8B2B2C527E0024ABD6 /* SnapKit-Dynamic */,
				EC6E5F8E2B2C52E20024ABD6 /* Lottie */,
				EC6E5FC52B2F58970024ABD6 /* Kingfisher */,
			);
			productName = Cinemaify;
			productReference = EC6E5F3B2B2B9D7A0024ABD6 /* Cinemaify.app */;
			productType = "com.apple.product-type.application";
		};
/* End PBXNativeTarget section */

/* Begin PBXProject section */
		EC6E5F332B2B9D7A0024ABD6 /* Project object */ = {
			isa = PBXProject;
			attributes = {
				BuildIndependentTargetsInParallel = 1;
				LastSwiftUpdateCheck = 1500;
				LastUpgradeCheck = 1500;
				TargetAttributes = {
					EC6E5F3A2B2B9D7A0024ABD6 = {
						CreatedOnToolsVersion = 15.0;
					};
				};
			};
			buildConfigurationList = EC6E5F362B2B9D7A0024ABD6 /* Build configuration list for PBXProject "Cinemaify" */;
			compatibilityVersion = "Xcode 14.0";
			developmentRegion = en;
			hasScannedForEncodings = 0;
			knownRegions = (
				en,
				Base,
			);
			mainGroup = EC6E5F322B2B9D7A0024ABD6;
			packageReferences = (
				EC6E5F882B2C527E0024ABD6 /* XCRemoteSwiftPackageReference "SnapKit" */,
				EC6E5F8D2B2C52E20024ABD6 /* XCRemoteSwiftPackageReference "lottie-ios" */,
				EC6E5FC42B2F58970024ABD6 /* XCRemoteSwiftPackageReference "Kingfisher" */,
			);
			productRefGroup = EC6E5F3C2B2B9D7A0024ABD6 /* Products */;
			projectDirPath = "";
			projectRoot = "";
			targets = (
				EC6E5F3A2B2B9D7A0024ABD6 /* Cinemaify */,
			);
		};
/* End PBXProject section */

/* Begin PBXResourcesBuildPhase section */
		EC6E5F392B2B9D7A0024ABD6 /* Resources */ = {
			isa = PBXResourcesBuildPhase;
			buildActionMask = 2147483647;
			files = (
				EC6E5F4B2B2B9D7C0024ABD6 /* LaunchScreen.storyboard in Resources */,
				EC6E5F562B2B9FC80024ABD6 /* a2.json in Resources */,
				EC6E5F552B2B9FC80024ABD6 /* a1.json in Resources */,
				EC6E5F482B2B9D7C0024ABD6 /* Assets.xcassets in Resources */,
				EC6E5F462B2B9D7A0024ABD6 /* Main.storyboard in Resources */,
			);
			runOnlyForDeploymentPostprocessing = 0;
		};
/* End PBXResourcesBuildPhase section */

/* Begin PBXSourcesBuildPhase section */
		EC6E5F372B2B9D7A0024ABD6 /* Sources */ = {
			isa = PBXSourcesBuildPhase;
			buildActionMask = 2147483647;
			files = (
				EC6E5FBB2B2E092C0024ABD6 /* ProfileUIView.swift in Sources */,
				EC6E5F432B2B9D7A0024ABD6 /* ViewController.swift in Sources */,
				EC6E5F612B2BAB3E0024ABD6 /* FontSize.swift in Sources */,
				EC6E5FB92B2DC7F00024ABD6 /* HelpAndSupportView.swift in Sources */,
				EC6E5FAE2B2CE6DC0024ABD6 /* AlertVC.swift in Sources */,
				EC6E5F712B2BB3F50024ABD6 /* MainTabBarController.swift in Sources */,
				EC6E5FAC2B2CBBE40024ABD6 /* AlertContainerView.swift in Sources */,
				EC6E5FA52B2C9CF70024ABD6 /* YoutubeSearchResponse.swift in Sources */,
				EC6E5F682B2BAC110024ABD6 /* MovieColor.swift in Sources */,
				EC6E5F9A2B2C81EB0024ABD6 /* BodyLabel.swift in Sources */,
				EC6E5F872B2C52680024ABD6 /* SliderCell.swift in Sources */,
				EC6E5F942B2C81610024ABD6 /* HeroHeaderView.swift in Sources */,
				EC6E5F822B2C3C8F0024ABD6 /* ProfileVC.swift in Sources */,
				EC6E5FBE2B2E428C0024ABD6 /* LoginView.swift in Sources */,
				EC6E5FA32B2C9CA60024ABD6 /* Movie.swift in Sources */,
				EC6E5F9B2B2C81EB0024ABD6 /* SecondaryTitleLabel.swift in Sources */,
				EC6E5FB22B2CF26D0024ABD6 /* MovieDataLoadingVC.swift in Sources */,
				EC6E5FB42B2CF7180024ABD6 /* UIViewController+Ext.swift in Sources */,
				EC6E5FA12B2C83840024ABD6 /* CustomTextField.swift in Sources */,
				EC6E5FA72B2C9ECC0024ABD6 /* MovieCellModel.swift in Sources */,
				EC6E5F912B2C71D70024ABD6 /* UIView+Ext.swift in Sources */,
				EC6E5FA92B2C9EF20024ABD6 /* MoviePreviewModel.swift in Sources */,
				EC6E5FC02B2E42910024ABD6 /* LoginVC.swift in Sources */,
				EC6E5F7C2B2C3B8E0024ABD6 /* HomeVC.swift in Sources */,
				EC6E5F632B2BABA10024ABD6 /* OnboardingModel.swift in Sources */,
				EC6E5F7E2B2C3BF30024ABD6 /* SearchVC.swift in Sources */,
				EC6E5F6A2B2BB2980024ABD6 /* MovieError.swift in Sources */,
				EC6E5F3F2B2B9D7A0024ABD6 /* AppDelegate.swift in Sources */,
				EC6E5F802B2C3C4F0024ABD6 /* DownloadsVC.swift in Sources */,
				EC6E5F9E2B2C82F10024ABD6 /* MovieButton.swift in Sources */,
				EC6E5F6E2B2BB3820024ABD6 /* Date+Ext.swift in Sources */,
				EC6E5FB62B2CFB290024ABD6 /* HelpAndSupportVC.swift in Sources */,
				EC6E5F412B2B9D7A0024ABD6 /* SceneDelegate.swift in Sources */,
				EC6E5F652B2BABCB0024ABD6 /* OnboardingViewModel.swift in Sources */,
				EC6E5F6C2B2BB2B20024ABD6 /* String+Ext.swift in Sources */,
				EC6E5F992B2C81EB0024ABD6 /* TitleLabel.swift in Sources */,
				EC6E5F842B2C40AD0024ABD6 /* StackView+Ext.swift in Sources */,
				EC6E5F5A2B2BA0B00024ABD6 /* Constants.swift in Sources */,
				EC6E5FC32B2EEB4A0024ABD6 /* MovieTableViewCell.swift in Sources */,
			);
			runOnlyForDeploymentPostprocessing = 0;
		};
/* End PBXSourcesBuildPhase section */

/* Begin PBXVariantGroup section */
		EC6E5F442B2B9D7A0024ABD6 /* Main.storyboard */ = {
			isa = PBXVariantGroup;
			children = (
				EC6E5F452B2B9D7A0024ABD6 /* Base */,
			);
			name = Main.storyboard;
			sourceTree = "<group>";
		};
		EC6E5F492B2B9D7C0024ABD6 /* LaunchScreen.storyboard */ = {
			isa = PBXVariantGroup;
			children = (
				EC6E5F4A2B2B9D7C0024ABD6 /* Base */,
			);
			name = LaunchScreen.storyboard;
			sourceTree = "<group>";
		};
/* End PBXVariantGroup section */

/* Begin XCBuildConfiguration section */
		EC6E5F4D2B2B9D7C0024ABD6 /* Debug */ = {
			isa = XCBuildConfiguration;
			buildSettings = {
				ALWAYS_SEARCH_USER_PATHS = NO;
				ASSETCATALOG_COMPILER_GENERATE_SWIFT_ASSET_SYMBOL_EXTENSIONS = YES;
				CLANG_ANALYZER_NONNULL = YES;
				CLANG_ANALYZER_NUMBER_OBJECT_CONVERSION = YES_AGGRESSIVE;
				CLANG_CXX_LANGUAGE_STANDARD = "gnu++20";
				CLANG_ENABLE_MODULES = YES;
				CLANG_ENABLE_OBJC_ARC = YES;
				CLANG_ENABLE_OBJC_WEAK = YES;
				CLANG_WARN_BLOCK_CAPTURE_AUTORELEASING = YES;
				CLANG_WARN_BOOL_CONVERSION = YES;
				CLANG_WARN_COMMA = YES;
				CLANG_WARN_CONSTANT_CONVERSION = YES;
				CLANG_WARN_DEPRECATED_OBJC_IMPLEMENTATIONS = YES;
				CLANG_WARN_DIRECT_OBJC_ISA_USAGE = YES_ERROR;
				CLANG_WARN_DOCUMENTATION_COMMENTS = YES;
				CLANG_WARN_EMPTY_BODY = YES;
				CLANG_WARN_ENUM_CONVERSION = YES;
				CLANG_WARN_INFINITE_RECURSION = YES;
				CLANG_WARN_INT_CONVERSION = YES;
				CLANG_WARN_NON_LITERAL_NULL_CONVERSION = YES;
				CLANG_WARN_OBJC_IMPLICIT_RETAIN_SELF = YES;
				CLANG_WARN_OBJC_LITERAL_CONVERSION = YES;
				CLANG_WARN_OBJC_ROOT_CLASS = YES_ERROR;
				CLANG_WARN_QUOTED_INCLUDE_IN_FRAMEWORK_HEADER = YES;
				CLANG_WARN_RANGE_LOOP_ANALYSIS = YES;
				CLANG_WARN_STRICT_PROTOTYPES = YES;
				CLANG_WARN_SUSPICIOUS_MOVE = YES;
				CLANG_WARN_UNGUARDED_AVAILABILITY = YES_AGGRESSIVE;
				CLANG_WARN_UNREACHABLE_CODE = YES;
				CLANG_WARN__DUPLICATE_METHOD_MATCH = YES;
				COPY_PHASE_STRIP = NO;
				DEBUG_INFORMATION_FORMAT = dwarf;
				ENABLE_STRICT_OBJC_MSGSEND = YES;
				ENABLE_TESTABILITY = YES;
				ENABLE_USER_SCRIPT_SANDBOXING = YES;
				GCC_C_LANGUAGE_STANDARD = gnu17;
				GCC_DYNAMIC_NO_PIC = NO;
				GCC_NO_COMMON_BLOCKS = YES;
				GCC_OPTIMIZATION_LEVEL = 0;
				GCC_PREPROCESSOR_DEFINITIONS = (
					"DEBUG=1",
					"$(inherited)",
				);
				GCC_WARN_64_TO_32_BIT_CONVERSION = YES;
				GCC_WARN_ABOUT_RETURN_TYPE = YES_ERROR;
				GCC_WARN_UNDECLARED_SELECTOR = YES;
				GCC_WARN_UNINITIALIZED_AUTOS = YES_AGGRESSIVE;
				GCC_WARN_UNUSED_FUNCTION = YES;
				GCC_WARN_UNUSED_VARIABLE = YES;
				IPHONEOS_DEPLOYMENT_TARGET = 17.0;
				LOCALIZATION_PREFERS_STRING_CATALOGS = YES;
				MTL_ENABLE_DEBUG_INFO = INCLUDE_SOURCE;
				MTL_FAST_MATH = YES;
				ONLY_ACTIVE_ARCH = YES;
				SDKROOT = iphoneos;
				SWIFT_ACTIVE_COMPILATION_CONDITIONS = "DEBUG $(inherited)";
				SWIFT_OPTIMIZATION_LEVEL = "-Onone";
			};
			name = Debug;
		};
		EC6E5F4E2B2B9D7C0024ABD6 /* Release */ = {
			isa = XCBuildConfiguration;
			buildSettings = {
				ALWAYS_SEARCH_USER_PATHS = NO;
				ASSETCATALOG_COMPILER_GENERATE_SWIFT_ASSET_SYMBOL_EXTENSIONS = YES;
				CLANG_ANALYZER_NONNULL = YES;
				CLANG_ANALYZER_NUMBER_OBJECT_CONVERSION = YES_AGGRESSIVE;
				CLANG_CXX_LANGUAGE_STANDARD = "gnu++20";
				CLANG_ENABLE_MODULES = YES;
				CLANG_ENABLE_OBJC_ARC = YES;
				CLANG_ENABLE_OBJC_WEAK = YES;
				CLANG_WARN_BLOCK_CAPTURE_AUTORELEASING = YES;
				CLANG_WARN_BOOL_CONVERSION = YES;
				CLANG_WARN_COMMA = YES;
				CLANG_WARN_CONSTANT_CONVERSION = YES;
				CLANG_WARN_DEPRECATED_OBJC_IMPLEMENTATIONS = YES;
				CLANG_WARN_DIRECT_OBJC_ISA_USAGE = YES_ERROR;
				CLANG_WARN_DOCUMENTATION_COMMENTS = YES;
				CLANG_WARN_EMPTY_BODY = YES;
				CLANG_WARN_ENUM_CONVERSION = YES;
				CLANG_WARN_INFINITE_RECURSION = YES;
				CLANG_WARN_INT_CONVERSION = YES;
				CLANG_WARN_NON_LITERAL_NULL_CONVERSION = YES;
				CLANG_WARN_OBJC_IMPLICIT_RETAIN_SELF = YES;
				CLANG_WARN_OBJC_LITERAL_CONVERSION = YES;
				CLANG_WARN_OBJC_ROOT_CLASS = YES_ERROR;
				CLANG_WARN_QUOTED_INCLUDE_IN_FRAMEWORK_HEADER = YES;
				CLANG_WARN_RANGE_LOOP_ANALYSIS = YES;
				CLANG_WARN_STRICT_PROTOTYPES = YES;
				CLANG_WARN_SUSPICIOUS_MOVE = YES;
				CLANG_WARN_UNGUARDED_AVAILABILITY = YES_AGGRESSIVE;
				CLANG_WARN_UNREACHABLE_CODE = YES;
				CLANG_WARN__DUPLICATE_METHOD_MATCH = YES;
				COPY_PHASE_STRIP = NO;
				DEBUG_INFORMATION_FORMAT = "dwarf-with-dsym";
				ENABLE_NS_ASSERTIONS = NO;
				ENABLE_STRICT_OBJC_MSGSEND = YES;
				ENABLE_USER_SCRIPT_SANDBOXING = YES;
				GCC_C_LANGUAGE_STANDARD = gnu17;
				GCC_NO_COMMON_BLOCKS = YES;
				GCC_WARN_64_TO_32_BIT_CONVERSION = YES;
				GCC_WARN_ABOUT_RETURN_TYPE = YES_ERROR;
				GCC_WARN_UNDECLARED_SELECTOR = YES;
				GCC_WARN_UNINITIALIZED_AUTOS = YES_AGGRESSIVE;
				GCC_WARN_UNUSED_FUNCTION = YES;
				GCC_WARN_UNUSED_VARIABLE = YES;
				IPHONEOS_DEPLOYMENT_TARGET = 17.0;
				LOCALIZATION_PREFERS_STRING_CATALOGS = YES;
				MTL_ENABLE_DEBUG_INFO = NO;
				MTL_FAST_MATH = YES;
				SDKROOT = iphoneos;
				SWIFT_COMPILATION_MODE = wholemodule;
				VALIDATE_PRODUCT = YES;
			};
			name = Release;
		};
		EC6E5F502B2B9D7C0024ABD6 /* Debug */ = {
			isa = XCBuildConfiguration;
			buildSettings = {
				ASSETCATALOG_COMPILER_APPICON_NAME = AppIcon;
				ASSETCATALOG_COMPILER_GLOBAL_ACCENT_COLOR_NAME = AccentColor;
				CODE_SIGN_STYLE = Automatic;
				CURRENT_PROJECT_VERSION = 1;
				DEVELOPMENT_TEAM = 3KRQW7JR73;
				GENERATE_INFOPLIST_FILE = YES;
				INFOPLIST_FILE = Cinemaify/Info.plist;
				INFOPLIST_KEY_UIApplicationSupportsIndirectInputEvents = YES;
				INFOPLIST_KEY_UILaunchStoryboardName = LaunchScreen;
				INFOPLIST_KEY_UIMainStoryboardFile = Main;
				INFOPLIST_KEY_UISupportedInterfaceOrientations_iPad = "UIInterfaceOrientationPortrait UIInterfaceOrientationPortraitUpsideDown UIInterfaceOrientationLandscapeLeft UIInterfaceOrientationLandscapeRight";
				INFOPLIST_KEY_UISupportedInterfaceOrientations_iPhone = "UIInterfaceOrientationPortrait UIInterfaceOrientationLandscapeLeft UIInterfaceOrientationLandscapeRight";
				LD_RUNPATH_SEARCH_PATHS = (
					"$(inherited)",
					"@executable_path/Frameworks",
				);
				MARKETING_VERSION = 1.0;
				PRODUCT_BUNDLE_IDENTIFIER = enes.Cinemaify;
				PRODUCT_NAME = "$(TARGET_NAME)";
				SUPPORTED_PLATFORMS = "iphoneos iphonesimulator";
				SUPPORTS_MACCATALYST = NO;
				SUPPORTS_MAC_DESIGNED_FOR_IPHONE_IPAD = NO;
				SWIFT_EMIT_LOC_STRINGS = YES;
				SWIFT_VERSION = 5.0;
				TARGETED_DEVICE_FAMILY = "1,2";
			};
			name = Debug;
		};
		EC6E5F512B2B9D7C0024ABD6 /* Release */ = {
			isa = XCBuildConfiguration;
			buildSettings = {
				ASSETCATALOG_COMPILER_APPICON_NAME = AppIcon;
				ASSETCATALOG_COMPILER_GLOBAL_ACCENT_COLOR_NAME = AccentColor;
				CODE_SIGN_STYLE = Automatic;
				CURRENT_PROJECT_VERSION = 1;
				DEVELOPMENT_TEAM = 3KRQW7JR73;
				GENERATE_INFOPLIST_FILE = YES;
				INFOPLIST_FILE = Cinemaify/Info.plist;
				INFOPLIST_KEY_UIApplicationSupportsIndirectInputEvents = YES;
				INFOPLIST_KEY_UILaunchStoryboardName = LaunchScreen;
				INFOPLIST_KEY_UIMainStoryboardFile = Main;
				INFOPLIST_KEY_UISupportedInterfaceOrientations_iPad = "UIInterfaceOrientationPortrait UIInterfaceOrientationPortraitUpsideDown UIInterfaceOrientationLandscapeLeft UIInterfaceOrientationLandscapeRight";
				INFOPLIST_KEY_UISupportedInterfaceOrientations_iPhone = "UIInterfaceOrientationPortrait UIInterfaceOrientationLandscapeLeft UIInterfaceOrientationLandscapeRight";
				LD_RUNPATH_SEARCH_PATHS = (
					"$(inherited)",
					"@executable_path/Frameworks",
				);
				MARKETING_VERSION = 1.0;
				PRODUCT_BUNDLE_IDENTIFIER = enes.Cinemaify;
				PRODUCT_NAME = "$(TARGET_NAME)";
				SUPPORTED_PLATFORMS = "iphoneos iphonesimulator";
				SUPPORTS_MACCATALYST = NO;
				SUPPORTS_MAC_DESIGNED_FOR_IPHONE_IPAD = NO;
				SWIFT_EMIT_LOC_STRINGS = YES;
				SWIFT_VERSION = 5.0;
				TARGETED_DEVICE_FAMILY = "1,2";
			};
			name = Release;
		};
/* End XCBuildConfiguration section */

/* Begin XCConfigurationList section */
		EC6E5F362B2B9D7A0024ABD6 /* Build configuration list for PBXProject "Cinemaify" */ = {
			isa = XCConfigurationList;
			buildConfigurations = (
				EC6E5F4D2B2B9D7C0024ABD6 /* Debug */,
				EC6E5F4E2B2B9D7C0024ABD6 /* Release */,
			);
			defaultConfigurationIsVisible = 0;
			defaultConfigurationName = Release;
		};
		EC6E5F4F2B2B9D7C0024ABD6 /* Build configuration list for PBXNativeTarget "Cinemaify" */ = {
			isa = XCConfigurationList;
			buildConfigurations = (
				EC6E5F502B2B9D7C0024ABD6 /* Debug */,
				EC6E5F512B2B9D7C0024ABD6 /* Release */,
			);
			defaultConfigurationIsVisible = 0;
			defaultConfigurationName = Release;
		};
/* End XCConfigurationList section */

/* Begin XCRemoteSwiftPackageReference section */
		EC6E5F882B2C527E0024ABD6 /* XCRemoteSwiftPackageReference "SnapKit" */ = {
			isa = XCRemoteSwiftPackageReference;
			repositoryURL = "https://github.com/SnapKit/SnapKit.git";
			requirement = {
				kind = upToNextMajorVersion;
				minimumVersion = 5.6.0;
			};
		};
		EC6E5F8D2B2C52E20024ABD6 /* XCRemoteSwiftPackageReference "lottie-ios" */ = {
			isa = XCRemoteSwiftPackageReference;
			repositoryURL = "https://github.com/airbnb/lottie-ios.git";
			requirement = {
				kind = upToNextMajorVersion;
				minimumVersion = 4.3.4;
			};
		};
		EC6E5FC42B2F58970024ABD6 /* XCRemoteSwiftPackageReference "Kingfisher" */ = {
			isa = XCRemoteSwiftPackageReference;
			repositoryURL = "https://github.com/onevcat/Kingfisher.git";
			requirement = {
				kind = upToNextMajorVersion;
				minimumVersion = 7.10.1;
			};
		};
/* End XCRemoteSwiftPackageReference section */

/* Begin XCSwiftPackageProductDependency section */
		EC6E5F892B2C527E0024ABD6 /* SnapKit */ = {
			isa = XCSwiftPackageProductDependency;
			package = EC6E5F882B2C527E0024ABD6 /* XCRemoteSwiftPackageReference "SnapKit" */;
			productName = SnapKit;
		};
		EC6E5F8B2B2C527E0024ABD6 /* SnapKit-Dynamic */ = {
			isa = XCSwiftPackageProductDependency;
			package = EC6E5F882B2C527E0024ABD6 /* XCRemoteSwiftPackageReference "SnapKit" */;
			productName = "SnapKit-Dynamic";
		};
		EC6E5F8E2B2C52E20024ABD6 /* Lottie */ = {
			isa = XCSwiftPackageProductDependency;
			package = EC6E5F8D2B2C52E20024ABD6 /* XCRemoteSwiftPackageReference "lottie-ios" */;
			productName = Lottie;
		};
		EC6E5FC52B2F58970024ABD6 /* Kingfisher */ = {
			isa = XCSwiftPackageProductDependency;
			package = EC6E5FC42B2F58970024ABD6 /* XCRemoteSwiftPackageReference "Kingfisher" */;
			productName = Kingfisher;
		};
/* End XCSwiftPackageProductDependency section */
	};
	rootObject = EC6E5F332B2B9D7A0024ABD6 /* Project object */;
}
